gitlab.com/JerrodJTanner/slimewave/handlers v0.0.0-20240313162847-d4ccacf29b2b h1:8fEqgjnsCMoR6ZOW95YaVMs6JdrEPi+lQmp27qroEpg=
gitlab.com/JerrodJTanner/slimewave/handlers v0.0.0-20240313162847-d4ccacf29b2b/go.mod h1:sXH36DPn1WwSniY4qHTLAl6xq1Zvr2ZA4olcKKe/+c0=
gitlab.com/JerrodJTanner/slimewave/handlers v0.0.0-20240313164455-f2789dac70b3 h1:kSW1ElwC5OWk44jlhgGXoW9gI8LJ4CJFcmotqnItir8=
gitlab.com/JerrodJTanner/slimewave/handlers v0.0.0-20240313164455-f2789dac70b3/go.mod h1:sXH36DPn1WwSniY4qHTLAl6xq1Zvr2ZA4olcKKe/+c0=
gitlab.com/JerrodJTanner/slimewave/handlers v0.0.0-20240313164727-06414070ef4d h1:NK8pyI1+ejP+jHcAKCNaNNYUmh6WdNA9j9eapi3DPpc=
gitlab.com/JerrodJTanner/slimewave/handlers v0.0.0-20240313164727-06414070ef4d/go.mod h1:sXH36DPn1WwSniY4qHTLAl6xq1Zvr2ZA4olcKKe/+c0=
gitlab.com/JerrodJTanner/slimewave/handlers v0.0.0-20240313165340-1fa06c4708d3 h1:rB5XCCvNNHox3GkCPhFfuVckGVFg1FRH5FuBh4f7naM=
gitlab.com/JerrodJTanner/slimewave/handlers v0.0.0-20240313165340-1fa06c4708d3/go.mod h1:sXH36DPn1WwSniY4qHTLAl6xq1Zvr2ZA4olcKKe/+c0=
gitlab.com/JerrodJTanner/slimewave/handlers v0.0.0-20240313165949-2724a38ad19a h1:iZT4/vJAEG/8KDHdrTuJiS+u5MiuDtaJMXTLu3H8poo=
gitlab.com/JerrodJTanner/slimewave/handlers v0.0.0-20240313165949-2724a38ad19a/go.mod h1:sXH36DPn1WwSniY4qHTLAl6xq1Zvr2ZA4olcKKe/+c0=
gitlab.com/JerrodJTanner/slimewave/handlers v0.0.0-20240313170146-2634469c562e h1:lNA0OM+9Y1CEWZ4k6SxpiLXl5vxsvXGAKuVpw+MdU8s=
gitlab.com/JerrodJTanner/slimewave/handlers v0.0.0-20240313170146-2634469c562e/go.mod h1:sXH36DPn1WwSniY4qHTLAl6xq1Zvr2ZA4olcKKe/+c0=
gitlab.com/JerrodJTanner/slimewave/handlers v0.0.0-20240313184806-51da435f137f h1:zxN9sZD17+g1uEl2W0KdTY9vHWdalGGA3wOtllJcKK4=
gitlab.com/JerrodJTanner/slimewave/handlers v0.0.0-20240313184806-51da435f137f/go.mod h1:sXH36DPn1WwSniY4qHTLAl6xq1Zvr2ZA4olcKKe/+c0=
gitlab.com/JerrodJTanner/slimewave/handlers v0.0.0-20240313191730-64d0f3543dc9 h1:b9rmkIBh1jwAZqp8m8x88W3+1+jM7MBbmdwIqDm5LP8=
gitlab.com/JerrodJTanner/slimewave/handlers v0.0.0-20240313191730-64d0f3543dc9/go.mod h1:sXH36DPn1WwSniY4qHTLAl6xq1Zvr2ZA4olcKKe/+c0=
