gitlab.com/JerrodJTanner/slimewave/handlers v0.0.0-20240313153354-440814ef0549 h1:T0WSUr40/jkBDN8zprMwyrvSItUkZcNxt3QX2RNmG2M=
gitlab.com/JerrodJTanner/slimewave/handlers v0.0.0-20240313153354-440814ef0549/go.mod h1:sXH36DPn1WwSniY4qHTLAl6xq1Zvr2ZA4olcKKe/+c0=
gitlab.com/JerrodJTanner/slimewave/handlers v0.0.0-20240313160148-e6592d510790 h1:LaRcr63K4ID+hp/jismf1KmMp4iHpdFPkO0crcyvuJQ=
gitlab.com/JerrodJTanner/slimewave/handlers v0.0.0-20240313160148-e6592d510790/go.mod h1:sXH36DPn1WwSniY4qHTLAl6xq1Zvr2ZA4olcKKe/+c0=
